
Microsoft Visual Studio Solution File, Format Version 12.00
# Visual Studio Version 18
VisualStudioVersion = 18.2.11415.280
MinimumVisualStudioVersion = 10.0.40219.1
Project("{FAE04EC0-301F-11D3-BF4B-00C04F79EFBC}") = "DidWeFeedTheCatToday", "DidWeFeedTheCatToday\DidWeFeedTheCatToday.csproj", "{7AD790C4-AFBA-D4DF-A526-9A3362FED5A0}"
EndProject
Project("{FAE04EC0-301F-11D3-BF4B-00C04F79EFBC}") = "DidWeFeedTheCatToday.Tests", "DidWeFeedTheCatToday.Tests\DidWeFeedTheCatToday.Tests.csproj", "{84CE9DD5-B7FF-2531-9B46-C3B30F739B7C}"
EndProject
Project("{FAE04EC0-301F-11D3-BF4B-00C04F79EFBC}") = "DidWeFeedTheCatToday.Shared", "DidWeFeedTheCatToday.Shared\DidWeFeedTheCatToday.Shared.csproj", "{5C84157C-6AA2-4F8D-A71C-E8A30CD746AF}"
EndProject
Project("{FAE04EC0-301F-11D3-BF4B-00C04F79EFBC}") = "DidWeFeedTheCatToday.Client", "DidWeFeedTheCatToday.Client\DidWeFeedTheCatToday.Client.csproj", "{4327AD14-4330-46F4-BC69-664D8FCFA20E}"
EndProject
Global
	GlobalSection(SolutionConfigurationPlatforms) = preSolution
		Debug|Any CPU = Debug|Any CPU
		Release|Any CPU = Release|Any CPU
	EndGlobalSection
	GlobalSection(ProjectConfigurationPlatforms) = postSolution
		{7AD790C4-AFBA-D4DF-A526-9A3362FED5A0}.Debug|Any CPU.ActiveCfg = Debug|Any CPU
		{7AD790C4-AFBA-D4DF-A526-9A3362FED5A0}.Debug|Any CPU.Build.0 = Debug|Any CPU
		{7AD790C4-AFBA-D4DF-A526-9A3362FED5A0}.Release|Any CPU.ActiveCfg = Release|Any CPU
		{7AD790C4-AFBA-D4DF-A526-9A3362FED5A0}.Release|Any CPU.Build.0 = Release|Any CPU
		{84CE9DD5-B7FF-2531-9B46-C3B30F739B7C}.Debug|Any CPU.ActiveCfg = Debug|Any CPU
		{84CE9DD5-B7FF-2531-9B46-C3B30F739B7C}.Debug|Any CPU.Build.0 = Debug|Any CPU
		{84CE9DD5-B7FF-2531-9B46-C3B30F739B7C}.Release|Any CPU.ActiveCfg = Release|Any CPU
		{84CE9DD5-B7FF-2531-9B46-C3B30F739B7C}.Release|Any CPU.Build.0 = Release|Any CPU
		{5C84157C-6AA2-4F8D-A71C-E8A30CD746AF}.Debug|Any CPU.ActiveCfg = Debug|Any CPU
		{5C84157C-6AA2-4F8D-A71C-E8A30CD746AF}.Debug|Any CPU.Build.0 = Debug|Any CPU
		{5C84157C-6AA2-4F8D-A71C-E8A30CD746AF}.Release|Any CPU.ActiveCfg = Release|Any CPU
		{5C84157C-6AA2-4F8D-A71C-E8A30CD746AF}.Release|Any CPU.Build.0 = Release|Any CPU
		{4327AD14-4330-46F4-BC69-664D8FCFA20E}.Debug|Any CPU.ActiveCfg = Debug|Any CPU
		{4327AD14-4330-46F4-BC69-664D8FCFA20E}.Debug|Any CPU.Build.0 = Debug|Any CPU
		{4327AD14-4330-46F4-BC69-664D8FCFA20E}.Release|Any CPU.ActiveCfg = Release|Any CPU
		{4327AD14-4330-46F4-BC69-664D8FCFA20E}.Release|Any CPU.Build.0 = Release|Any CPU
	EndGlobalSection
	GlobalSection(SolutionProperties) = preSolution
		HideSolutionNode = FALSE
	EndGlobalSection
	GlobalSection(ExtensibilityGlobals) = postSolution
		SolutionGuid = {2F1F0893-73C9-4867-BD5D-A2D763F7DA06}
	EndGlobalSection
EndGlobal
